
Microsoft Visual Studio Solution File, Format Version 12.00
# Visual Studio Version 16
VisualStudioVersion = 16.0.30611.23
MinimumVisualStudioVersion = 10.0.40219.1
Project("{FAE04EC0-301F-11D3-BF4B-00C04F79EFBC}") = "Project02", "Project02\Project02.csproj", "{BA67B99C-7255-4525-86CC-A576E41D50EB}"
EndProject
Global
	GlobalSection(SolutionConfigurationPlatforms) = preSolution
		Debug|Any CPU = Debug|Any CPU
		Release|Any CPU = Release|Any CPU
	EndGlobalSection
	GlobalSection(ProjectConfigurationPlatforms) = postSolution
		{BA67B99C-7255-4525-86CC-A576E41D50EB}.Debug|Any CPU.ActiveCfg = Debug|Any CPU
		{BA67B99C-7255-4525-86CC-A576E41D50EB}.Debug|Any CPU.Build.0 = Debug|Any CPU
		{BA67B99C-7255-4525-86CC-A576E41D50EB}.Release|Any CPU.ActiveCfg = Release|Any CPU
		{BA67B99C-7255-4525-86CC-A576E41D50EB}.Release|Any CPU.Build.0 = Release|Any CPU
	EndGlobalSection
	GlobalSection(SolutionProperties) = preSolution
		HideSolutionNode = FALSE
	EndGlobalSection
	GlobalSection(ExtensibilityGlobals) = postSolution
		SolutionGuid = {95F7FB52-6DDB-43E0-BFA6-FF0AF666B0A5}
	EndGlobalSection
EndGlobal
